// !$*UTF8*$!
{
	archiveVersion = 1;
	classes = {
	};
	objectVersion = 56;
	objects = {

/* Begin PBXBuildFile section */
		C696DB5B2C57E5B500AC1C66 /* AppDelegate.swift in Sources */ = {isa = PBXBuildFile; fileRef = C696DB5A2C57E5B500AC1C66 /* AppDelegate.swift */; };
		C696DB5D2C57E5B500AC1C66 /* SceneDelegate.swift in Sources */ = {isa = PBXBuildFile; fileRef = C696DB5C2C57E5B500AC1C66 /* SceneDelegate.swift */; };
		C696DB5F2C57E5B500AC1C66 /* ViewController.swift in Sources */ = {isa = PBXBuildFile; fileRef = C696DB5E2C57E5B500AC1C66 /* ViewController.swift */; };
		C696DB622C57E5B500AC1C66 /* Base in Resources */ = {isa = PBXBuildFile; fileRef = C696DB612C57E5B500AC1C66 /* Base */; };
		C696DB642C57E5B600AC1C66 /* Assets.xcassets in Resources */ = {isa = PBXBuildFile; fileRef = C696DB632C57E5B600AC1C66 /* Assets.xcassets */; };
		C696DB672C57E5B600AC1C66 /* Base in Resources */ = {isa = PBXBuildFile; fileRef = C696DB662C57E5B600AC1C66 /* Base */; };
		C696DB722C57E5B700AC1C66 /* RecipeMapTests.swift in Sources */ = {isa = PBXBuildFile; fileRef = C696DB712C57E5B700AC1C66 /* RecipeMapTests.swift */; };
		C696DB7C2C57E5B700AC1C66 /* RecipeMapUITests.swift in Sources */ = {isa = PBXBuildFile; fileRef = C696DB7B2C57E5B700AC1C66 /* RecipeMapUITests.swift */; };
		C696DB7E2C57E5B700AC1C66 /* RecipeMapUITestsLaunchTests.swift in Sources */ = {isa = PBXBuildFile; fileRef = C696DB7D2C57E5B700AC1C66 /* RecipeMapUITestsLaunchTests.swift */; };
/* End PBXBuildFile section */

/* Begin PBXContainerItemProxy section */
		C696DB6E2C57E5B700AC1C66 /* PBXContainerItemProxy */ = {
			isa = PBXContainerItemProxy;
			containerPortal = C696DB4F2C57E5B500AC1C66 /* Project object */;
			proxyType = 1;
			remoteGlobalIDString = C696DB562C57E5B500AC1C66;
			remoteInfo = RecipeMap;
		};
		C696DB782C57E5B700AC1C66 /* PBXContainerItemProxy */ = {
			isa = PBXContainerItemProxy;
			containerPortal = C696DB4F2C57E5B500AC1C66 /* Project object */;
			proxyType = 1;
			remoteGlobalIDString = C696DB562C57E5B500AC1C66;
			remoteInfo = RecipeMap;
		};
/* End PBXContainerItemProxy section */

/* Begin PBXFileReference section */
		C696DB572C57E5B500AC1C66 /* RecipeMap.app */ = {isa = PBXFileReference; explicitFileType = wrapper.application; includeInIndex = 0; path = RecipeMap.app; sourceTree = BUILT_PRODUCTS_DIR; };
		C696DB5A2C57E5B500AC1C66 /* AppDelegate.swift */ = {isa = PBXFileReference; lastKnownFileType = sourcecode.swift; path = AppDelegate.swift; sourceTree = "<group>"; };
		C696DB5C2C57E5B500AC1C66 /* SceneDelegate.swift */ = {isa = PBXFileReference; lastKnownFileType = sourcecode.swift; path = SceneDelegate.swift; sourceTree = "<group>"; };
		C696DB5E2C57E5B500AC1C66 /* ViewController.swift */ = {isa = PBXFileReference; lastKnownFileType = sourcecode.swift; path = ViewController.swift; sourceTree = "<group>"; };
		C696DB612C57E5B500AC1C66 /* Base */ = {isa = PBXFileReference; lastKnownFileType = file.storyboard; name = Base; path = Base.lproj/Main.storyboard; sourceTree = "<group>"; };
		C696DB632C57E5B600AC1C66 /* Assets.xcassets */ = {isa = PBXFileReference; lastKnownFileType = folder.assetcatalog; path = Assets.xcassets; sourceTree = "<group>"; };
		C696DB662C57E5B600AC1C66 /* Base */ = {isa = PBXFileReference; lastKnownFileType = file.storyboard; name = Base; path = Base.lproj/LaunchScreen.storyboard; sourceTree = "<group>"; };
		C696DB682C57E5B600AC1C66 /* Info.plist */ = {isa = PBXFileReference; lastKnownFileType = text.plist.xml; path = Info.plist; sourceTree = "<group>"; };
		C696DB6D2C57E5B700AC1C66 /* RecipeMapTests.xctest */ = {isa = PBXFileReference; explicitFileType = wrapper.cfbundle; includeInIndex = 0; path = RecipeMapTests.xctest; sourceTree = BUILT_PRODUCTS_DIR; };
		C696DB712C57E5B700AC1C66 /* RecipeMapTests.swift */ = {isa = PBXFileReference; lastKnownFileType = sourcecode.swift; path = RecipeMapTests.swift; sourceTree = "<group>"; };
		C696DB772C57E5B700AC1C66 /* RecipeMapUITests.xctest */ = {isa = PBXFileReference; explicitFileType = wrapper.cfbundle; includeInIndex = 0; path = RecipeMapUITests.xctest; sourceTree = BUILT_PRODUCTS_DIR; };
		C696DB7B2C57E5B700AC1C66 /* RecipeMapUITests.swift */ = {isa = PBXFileReference; lastKnownFileType = sourcecode.swift; path = RecipeMapUITests.swift; sourceTree = "<group>"; };
		C696DB7D2C57E5B700AC1C66 /* RecipeMapUITestsLaunchTests.swift */ = {isa = PBXFileReference; lastKnownFileType = sourcecode.swift; path = RecipeMapUITestsLaunchTests.swift; sourceTree = "<group>"; };
/* End PBXFileReference section */

/* Begin PBXFrameworksBuildPhase section */
		C696DB542C57E5B500AC1C66 /* Frameworks */ = {
			isa = PBXFrameworksBuildPhase;
			buildActionMask = 2147483647;
			files = (
			);
			runOnlyForDeploymentPostprocessing = 0;
		};
		C696DB6A2C57E5B700AC1C66 /* Frameworks */ = {
			isa = PBXFrameworksBuildPhase;
			buildActionMask = 2147483647;
			files = (
			);
			runOnlyForDeploymentPostprocessing = 0;
		};
		C696DB742C57E5B700AC1C66 /* Frameworks */ = {
			isa = PBXFrameworksBuildPhase;
			buildActionMask = 2147483647;
			files = (
			);
			runOnlyForDeploymentPostprocessing = 0;
		};
/* End PBXFrameworksBuildPhase section */

/* Begin PBXGroup section */
		C696DB4E2C57E5B500AC1C66 = {
			isa = PBXGroup;
			children = (
				C696DB592C57E5B500AC1C66 /* RecipeMap */,
				C696DB702C57E5B700AC1C66 /* RecipeMapTests */,
				C696DB7A2C57E5B700AC1C66 /* RecipeMapUITests */,
				C696DB582C57E5B500AC1C66 /* Products */,
			);
			sourceTree = "<group>";
		};
		C696DB582C57E5B500AC1C66 /* Products */ = {
			isa = PBXGroup;
			children = (
				C696DB572C57E5B500AC1C66 /* RecipeMap.app */,
				C696DB6D2C57E5B700AC1C66 /* RecipeMapTests.xctest */,
				C696DB772C57E5B700AC1C66 /* RecipeMapUITests.xctest */,
			);
			name = Products;
			sourceTree = "<group>";
		};
		C696DB592C57E5B500AC1C66 /* RecipeMap */ = {
			isa = PBXGroup;
			children = (
				C696DB5A2C57E5B500AC1C66 /* AppDelegate.swift */,
				C696DB5C2C57E5B500AC1C66 /* SceneDelegate.swift */,
				C696DB5E2C57E5B500AC1C66 /* ViewController.swift */,
				C696DB602C57E5B500AC1C66 /* Main.storyboard */,
				C696DB632C57E5B600AC1C66 /* Assets.xcassets */,
				C696DB652C57E5B600AC1C66 /* LaunchScreen.storyboard */,
				C696DB682C57E5B600AC1C66 /* Info.plist */,
			);
			path = RecipeMap;
			sourceTree = "<group>";
		};
		C696DB702C57E5B700AC1C66 /* RecipeMapTests */ = {
			isa = PBXGroup;
			children = (
				C696DB712C57E5B700AC1C66 /* RecipeMapTests.swift */,
			);
			path = RecipeMapTests;
			sourceTree = "<group>";
		};
		C696DB7A2C57E5B700AC1C66 /* RecipeMapUITests */ = {
			isa = PBXGroup;
			children = (
				C696DB7B2C57E5B700AC1C66 /* RecipeMapUITests.swift */,
				C696DB7D2C57E5B700AC1C66 /* RecipeMapUITestsLaunchTests.swift */,
			);
			path = RecipeMapUITests;
			sourceTree = "<group>";
		};
/* End PBXGroup section */

/* Begin PBXNativeTarget section */
		C696DB562C57E5B500AC1C66 /* RecipeMap */ = {
			isa = PBXNativeTarget;
			buildConfigurationList = C696DB812C57E5B700AC1C66 /* Build configuration list for PBXNativeTarget "RecipeMap" */;
			buildPhases = (
				C696DB532C57E5B500AC1C66 /* Sources */,
				C696DB542C57E5B500AC1C66 /* Frameworks */,
				C696DB552C57E5B500AC1C66 /* Resources */,
			);
			buildRules = (
			);
			dependencies = (
			);
			name = RecipeMap;
			productName = RecipeMap;
			productReference = C696DB572C57E5B500AC1C66 /* RecipeMap.app */;
			productType = "com.apple.product-type.application";
		};
		C696DB6C2C57E5B700AC1C66 /* RecipeMapTests */ = {
			isa = PBXNativeTarget;
			buildConfigurationList = C696DB842C57E5B700AC1C66 /* Build configuration list for PBXNativeTarget "RecipeMapTests" */;
			buildPhases = (
				C696DB692C57E5B700AC1C66 /* Sources */,
				C696DB6A2C57E5B700AC1C66 /* Frameworks */,
				C696DB6B2C57E5B700AC1C66 /* Resources */,
			);
			buildRules = (
			);
			dependencies = (
				C696DB6F2C57E5B700AC1C66 /* PBXTargetDependency */,
			);
			name = RecipeMapTests;
			productName = RecipeMapTests;
			productReference = C696DB6D2C57E5B700AC1C66 /* RecipeMapTests.xctest */;
			productType = "com.apple.product-type.bundle.unit-test";
		};
		C696DB762C57E5B700AC1C66 /* RecipeMapUITests */ = {
			isa = PBXNativeTarget;
			buildConfigurationList = C696DB872C57E5B700AC1C66 /* Build configuration list for PBXNativeTarget "RecipeMapUITests" */;
			buildPhases = (
				C696DB732C57E5B700AC1C66 /* Sources */,
				C696DB742C57E5B700AC1C66 /* Frameworks */,
				C696DB752C57E5B700AC1C66 /* Resources */,
			);
			buildRules = (
			);
			dependencies = (
				C696DB792C57E5B700AC1C66 /* PBXTargetDependency */,
			);
			name = RecipeMapUITests;
			productName = RecipeMapUITests;
			productReference = C696DB772C57E5B700AC1C66 /* RecipeMapUITests.xctest */;
			productType = "com.apple.product-type.bundle.ui-testing";
		};
/* End PBXNativeTarget section */

/* Begin PBXProject section */
		C696DB4F2C57E5B500AC1C66 /* Project object */ = {
			isa = PBXProject;
			attributes = {
				BuildIndependentTargetsInParallel = 1;
				LastSwiftUpdateCheck = 1540;
				LastUpgradeCheck = 1540;
				TargetAttributes = {
					C696DB562C57E5B500AC1C66 = {
						CreatedOnToolsVersion = 15.4;
					};
					C696DB6C2C57E5B700AC1C66 = {
						CreatedOnToolsVersion = 15.4;
						TestTargetID = C696DB562C57E5B500AC1C66;
					};
					C696DB762C57E5B700AC1C66 = {
						CreatedOnToolsVersion = 15.4;
						TestTargetID = C696DB562C57E5B500AC1C66;
					};
				};
			};
			buildConfigurationList = C696DB522C57E5B500AC1C66 /* Build configuration list for PBXProject "RecipeMap" */;
			compatibilityVersion = "Xcode 14.0";
			developmentRegion = en;
			hasScannedForEncodings = 0;
			knownRegions = (
				en,
				Base,
			);
			mainGroup = C696DB4E2C57E5B500AC1C66;
			productRefGroup = C696DB582C57E5B500AC1C66 /* Products */;
			projectDirPath = "";
			projectRoot = "";
			targets = (
				C696DB562C57E5B500AC1C66 /* RecipeMap */,
				C696DB6C2C57E5B700AC1C66 /* RecipeMapTests */,
				C696DB762C57E5B700AC1C66 /* RecipeMapUITests */,
			);
		};
/* End PBXProject section */

/* Begin PBXResourcesBuildPhase section */
		C696DB552C57E5B500AC1C66 /* Resources */ = {
			isa = PBXResourcesBuildPhase;
			buildActionMask = 2147483647;
			files = (
				C696DB642C57E5B600AC1C66 /* Assets.xcassets in Resources */,
				C696DB672C57E5B600AC1C66 /* Base in Resources */,
				C696DB622C57E5B500AC1C66 /* Base in Resources */,
			);
			runOnlyForDeploymentPostprocessing = 0;
		};
		C696DB6B2C57E5B700AC1C66 /* Resources */ = {
			isa = PBXResourcesBuildPhase;
			buildActionMask = 2147483647;
			files = (
			);
			runOnlyForDeploymentPostprocessing = 0;
		};
		C696DB752C57E5B700AC1C66 /* Resources */ = {
			isa = PBXResourcesBuildPhase;
			buildActionMask = 2147483647;
			files = (
			);
			runOnlyForDeploymentPostprocessing = 0;
		};
/* End PBXResourcesBuildPhase section */

/* Begin PBXSourcesBuildPhase section */
		C696DB532C57E5B500AC1C66 /* Sources */ = {
			isa = PBXSourcesBuildPhase;
			buildActionMask = 2147483647;
			files = (
				C696DB5F2C57E5B500AC1C66 /* ViewController.swift in Sources */,
				C696DB5B2C57E5B500AC1C66 /* AppDelegate.swift in Sources */,
				C696DB5D2C57E5B500AC1C66 /* SceneDelegate.swift in Sources */,
			);
			runOnlyForDeploymentPostprocessing = 0;
		};
		C696DB692C57E5B700AC1C66 /* Sources */ = {
			isa = PBXSourcesBuildPhase;
			buildActionMask = 2147483647;
			files = (
				C696DB722C57E5B700AC1C66 /* RecipeMapTests.swift in Sources */,
			);
			runOnlyForDeploymentPostprocessing = 0;
		};
		C696DB732C57E5B700AC1C66 /* Sources */ = {
			isa = PBXSourcesBuildPhase;
			buildActionMask = 2147483647;
			files = (
				C696DB7C2C57E5B700AC1C66 /* RecipeMapUITests.swift in Sources */,
				C696DB7E2C57E5B700AC1C66 /* RecipeMapUITestsLaunchTests.swift in Sources */,
			);
			runOnlyForDeploymentPostprocessing = 0;
		};
/* End PBXSourcesBuildPhase section */

/* Begin PBXTargetDependency section */
		C696DB6F2C57E5B700AC1C66 /* PBXTargetDependency */ = {
			isa = PBXTargetDependency;
			target = C696DB562C57E5B500AC1C66 /* RecipeMap */;
			targetProxy = C696DB6E2C57E5B700AC1C66 /* PBXContainerItemProxy */;
		};
		C696DB792C57E5B700AC1C66 /* PBXTargetDependency */ = {
			isa = PBXTargetDependency;
			target = C696DB562C57E5B500AC1C66 /* RecipeMap */;
			targetProxy = C696DB782C57E5B700AC1C66 /* PBXContainerItemProxy */;
		};
/* End PBXTargetDependency section */

/* Begin PBXVariantGroup section */
		C696DB602C57E5B500AC1C66 /* Main.storyboard */ = {
			isa = PBXVariantGroup;
			children = (
				C696DB612C57E5B500AC1C66 /* Base */,
			);
			name = Main.storyboard;
			sourceTree = "<group>";
		};
		C696DB652C57E5B600AC1C66 /* LaunchScreen.storyboard */ = {
			isa = PBXVariantGroup;
			children = (
				C696DB662C57E5B600AC1C66 /* Base */,
			);
			name = LaunchScreen.storyboard;
			sourceTree = "<group>";
		};
/* End PBXVariantGroup section */

/* Begin XCBuildConfiguration section */
		C696DB7F2C57E5B700AC1C66 /* Debug */ = {
			isa = XCBuildConfiguration;
			buildSettings = {
				ALWAYS_SEARCH_USER_PATHS = NO;
				ASSETCATALOG_COMPILER_GENERATE_SWIFT_ASSET_SYMBOL_EXTENSIONS = YES;
				CLANG_ANALYZER_NONNULL = YES;
				CLANG_ANALYZER_NUMBER_OBJECT_CONVERSION = YES_AGGRESSIVE;
				CLANG_CXX_LANGUAGE_STANDARD = "gnu++20";
				CLANG_ENABLE_MODULES = YES;
				CLANG_ENABLE_OBJC_ARC = YES;
				CLANG_ENABLE_OBJC_WEAK = YES;
				CLANG_WARN_BLOCK_CAPTURE_AUTORELEASING = YES;
				CLANG_WARN_BOOL_CONVERSION = YES;
				CLANG_WARN_COMMA = YES;
				CLANG_WARN_CONSTANT_CONVERSION = YES;
				CLANG_WARN_DEPRECATED_OBJC_IMPLEMENTATIONS = YES;
				CLANG_WARN_DIRECT_OBJC_ISA_USAGE = YES_ERROR;
				CLANG_WARN_DOCUMENTATION_COMMENTS = YES;
				CLANG_WARN_EMPTY_BODY = YES;
				CLANG_WARN_ENUM_CONVERSION = YES;
				CLANG_WARN_INFINITE_RECURSION = YES;
				CLANG_WARN_INT_CONVERSION = YES;
				CLANG_WARN_NON_LITERAL_NULL_CONVERSION = YES;
				CLANG_WARN_OBJC_IMPLICIT_RETAIN_SELF = YES;
				CLANG_WARN_OBJC_LITERAL_CONVERSION = YES;
				CLANG_WARN_OBJC_ROOT_CLASS = YES_ERROR;
				CLANG_WARN_QUOTED_INCLUDE_IN_FRAMEWORK_HEADER = YES;
				CLANG_WARN_RANGE_LOOP_ANALYSIS = YES;
				CLANG_WARN_STRICT_PROTOTYPES = YES;
				CLANG_WARN_SUSPICIOUS_MOVE = YES;
				CLANG_WARN_UNGUARDED_AVAILABILITY = YES_AGGRESSIVE;
				CLANG_WARN_UNREACHABLE_CODE = YES;
				CLANG_WARN__DUPLICATE_METHOD_MATCH = YES;
				COPY_PHASE_STRIP = NO;
				DEBUG_INFORMATION_FORMAT = dwarf;
				ENABLE_STRICT_OBJC_MSGSEND = YES;
				ENABLE_TESTABILITY = YES;
				ENABLE_USER_SCRIPT_SANDBOXING = YES;
				GCC_C_LANGUAGE_STANDARD = gnu17;
				GCC_DYNAMIC_NO_PIC = NO;
				GCC_NO_COMMON_BLOCKS = YES;
				GCC_OPTIMIZATION_LEVEL = 0;
				GCC_PREPROCESSOR_DEFINITIONS = (
					"DEBUG=1",
					"$(inherited)",
				);
				GCC_WARN_64_TO_32_BIT_CONVERSION = YES;
				GCC_WARN_ABOUT_RETURN_TYPE = YES_ERROR;
				GCC_WARN_UNDECLARED_SELECTOR = YES;
				GCC_WARN_UNINITIALIZED_AUTOS = YES_AGGRESSIVE;
				GCC_WARN_UNUSED_FUNCTION = YES;
				GCC_WARN_UNUSED_VARIABLE = YES;
				IPHONEOS_DEPLOYMENT_TARGET = 17.5;
				LOCALIZATION_PREFERS_STRING_CATALOGS = YES;
				MTL_ENABLE_DEBUG_INFO = INCLUDE_SOURCE;
				MTL_FAST_MATH = YES;
				ONLY_ACTIVE_ARCH = YES;
				SDKROOT = iphoneos;
				SWIFT_ACTIVE_COMPILATION_CONDITIONS = "DEBUG $(inherited)";
				SWIFT_OPTIMIZATION_LEVEL = "-Onone";
			};
			name = Debug;
		};
		C696DB802C57E5B700AC1C66 /* Release */ = {
			isa = XCBuildConfiguration;
			buildSettings = {
				ALWAYS_SEARCH_USER_PATHS = NO;
				ASSETCATALOG_COMPILER_GENERATE_SWIFT_ASSET_SYMBOL_EXTENSIONS = YES;
				CLANG_ANALYZER_NONNULL = YES;
				CLANG_ANALYZER_NUMBER_OBJECT_CONVERSION = YES_AGGRESSIVE;
				CLANG_CXX_LANGUAGE_STANDARD = "gnu++20";
				CLANG_ENABLE_MODULES = YES;
				CLANG_ENABLE_OBJC_ARC = YES;
				CLANG_ENABLE_OBJC_WEAK = YES;
				CLANG_WARN_BLOCK_CAPTURE_AUTORELEASING = YES;
				CLANG_WARN_BOOL_CONVERSION = YES;
				CLANG_WARN_COMMA = YES;
				CLANG_WARN_CONSTANT_CONVERSION = YES;
				CLANG_WARN_DEPRECATED_OBJC_IMPLEMENTATIONS = YES;
				CLANG_WARN_DIRECT_OBJC_ISA_USAGE = YES_ERROR;
				CLANG_WARN_DOCUMENTATION_COMMENTS = YES;
				CLANG_WARN_EMPTY_BODY = YES;
				CLANG_WARN_ENUM_CONVERSION = YES;
				CLANG_WARN_INFINITE_RECURSION = YES;
				CLANG_WARN_INT_CONVERSION = YES;
				CLANG_WARN_NON_LITERAL_NULL_CONVERSION = YES;
				CLANG_WARN_OBJC_IMPLICIT_RETAIN_SELF = YES;
				CLANG_WARN_OBJC_LITERAL_CONVERSION = YES;
				CLANG_WARN_OBJC_ROOT_CLASS = YES_ERROR;
				CLANG_WARN_QUOTED_INCLUDE_IN_FRAMEWORK_HEADER = YES;
				CLANG_WARN_RANGE_LOOP_ANALYSIS = YES;
				CLANG_WARN_STRICT_PROTOTYPES = YES;
				CLANG_WARN_SUSPICIOUS_MOVE = YES;
				CLANG_WARN_UNGUARDED_AVAILABILITY = YES_AGGRESSIVE;
				CLANG_WARN_UNREACHABLE_CODE = YES;
				CLANG_WARN__DUPLICATE_METHOD_MATCH = YES;
				COPY_PHASE_STRIP = NO;
				DEBUG_INFORMATION_FORMAT = "dwarf-with-dsym";
				ENABLE_NS_ASSERTIONS = NO;
				ENABLE_STRICT_OBJC_MSGSEND = YES;
				ENABLE_USER_SCRIPT_SANDBOXING = YES;
				GCC_C_LANGUAGE_STANDARD = gnu17;
				GCC_NO_COMMON_BLOCKS = YES;
				GCC_WARN_64_TO_32_BIT_CONVERSION = YES;
				GCC_WARN_ABOUT_RETURN_TYPE = YES_ERROR;
				GCC_WARN_UNDECLARED_SELECTOR = YES;
				GCC_WARN_UNINITIALIZED_AUTOS = YES_AGGRESSIVE;
				GCC_WARN_UNUSED_FUNCTION = YES;
				GCC_WARN_UNUSED_VARIABLE = YES;
				IPHONEOS_DEPLOYMENT_TARGET = 17.5;
				LOCALIZATION_PREFERS_STRING_CATALOGS = YES;
				MTL_ENABLE_DEBUG_INFO = NO;
				MTL_FAST_MATH = YES;
				SDKROOT = iphoneos;
				SWIFT_COMPILATION_MODE = wholemodule;
				VALIDATE_PRODUCT = YES;
			};
			name = Release;
		};
		C696DB822C57E5B700AC1C66 /* Debug */ = {
			isa = XCBuildConfiguration;
			buildSettings = {
				ASSETCATALOG_COMPILER_APPICON_NAME = AppIcon;
				ASSETCATALOG_COMPILER_GLOBAL_ACCENT_COLOR_NAME = AccentColor;
				CODE_SIGN_STYLE = Automatic;
				CURRENT_PROJECT_VERSION = 1;
				GENERATE_INFOPLIST_FILE = YES;
				INFOPLIST_FILE = RecipeMap/Info.plist;
				INFOPLIST_KEY_UIApplicationSupportsIndirectInputEvents = YES;
				INFOPLIST_KEY_UILaunchStoryboardName = LaunchScreen;
				INFOPLIST_KEY_UIMainStoryboardFile = Main;
				INFOPLIST_KEY_UISupportedInterfaceOrientations_iPad = "UIInterfaceOrientationPortrait UIInterfaceOrientationPortraitUpsideDown UIInterfaceOrientationLandscapeLeft UIInterfaceOrientationLandscapeRight";
				INFOPLIST_KEY_UISupportedInterfaceOrientations_iPhone = "UIInterfaceOrientationPortrait UIInterfaceOrientationLandscapeLeft UIInterfaceOrientationLandscapeRight";
				LD_RUNPATH_SEARCH_PATHS = (
					"$(inherited)",
					"@executable_path/Frameworks",
				);
				MARKETING_VERSION = 1.0;
				PRODUCT_BUNDLE_IDENTIFIER = com.RecipeMap;
				PRODUCT_NAME = "$(TARGET_NAME)";
				SWIFT_EMIT_LOC_STRINGS = YES;
				SWIFT_VERSION = 5.0;
				TARGETED_DEVICE_FAMILY = "1,2";
			};
			name = Debug;
		};
		C696DB832C57E5B700AC1C66 /* Release */ = {
			isa = XCBuildConfiguration;
			buildSettings = {
				ASSETCATALOG_COMPILER_APPICON_NAME = AppIcon;
				ASSETCATALOG_COMPILER_GLOBAL_ACCENT_COLOR_NAME = AccentColor;
				CODE_SIGN_STYLE = Automatic;
				CURRENT_PROJECT_VERSION = 1;
				GENERATE_INFOPLIST_FILE = YES;
				INFOPLIST_FILE = RecipeMap/Info.plist;
				INFOPLIST_KEY_UIApplicationSupportsIndirectInputEvents = YES;
				INFOPLIST_KEY_UILaunchStoryboardName = LaunchScreen;
				INFOPLIST_KEY_UIMainStoryboardFile = Main;
				INFOPLIST_KEY_UISupportedInterfaceOrientations_iPad = "UIInterfaceOrientationPortrait UIInterfaceOrientationPortraitUpsideDown UIInterfaceOrientationLandscapeLeft UIInterfaceOrientationLandscapeRight";
				INFOPLIST_KEY_UISupportedInterfaceOrientations_iPhone = "UIInterfaceOrientationPortrait UIInterfaceOrientationLandscapeLeft UIInterfaceOrientationLandscapeRight";
				LD_RUNPATH_SEARCH_PATHS = (
					"$(inherited)",
					"@executable_path/Frameworks",
				);
				MARKETING_VERSION = 1.0;
				PRODUCT_BUNDLE_IDENTIFIER = com.RecipeMap;
				PRODUCT_NAME = "$(TARGET_NAME)";
				SWIFT_EMIT_LOC_STRINGS = YES;
				SWIFT_VERSION = 5.0;
				TARGETED_DEVICE_FAMILY = "1,2";
			};
			name = Release;
		};
		C696DB852C57E5B700AC1C66 /* Debug */ = {
			isa = XCBuildConfiguration;
			buildSettings = {
				ALWAYS_EMBED_SWIFT_STANDARD_LIBRARIES = YES;
				BUNDLE_LOADER = "$(TEST_HOST)";
				CODE_SIGN_STYLE = Automatic;
				CURRENT_PROJECT_VERSION = 1;
				GENERATE_INFOPLIST_FILE = YES;
				IPHONEOS_DEPLOYMENT_TARGET = 17.5;
				MARKETING_VERSION = 1.0;
				PRODUCT_BUNDLE_IDENTIFIER = com.RecipeMapTests;
				PRODUCT_NAME = "$(TARGET_NAME)";
				SWIFT_EMIT_LOC_STRINGS = NO;
				SWIFT_VERSION = 5.0;
				TARGETED_DEVICE_FAMILY = "1,2";
				TEST_HOST = "$(BUILT_PRODUCTS_DIR)/RecipeMap.app/$(BUNDLE_EXECUTABLE_FOLDER_PATH)/RecipeMap";
			};
			name = Debug;
		};
		C696DB862C57E5B700AC1C66 /* Release */ = {
			isa = XCBuildConfiguration;
			buildSettings = {
				ALWAYS_EMBED_SWIFT_STANDARD_LIBRARIES = YES;
				BUNDLE_LOADER = "$(TEST_HOST)";
				CODE_SIGN_STYLE = Automatic;
				CURRENT_PROJECT_VERSION = 1;
				GENERATE_INFOPLIST_FILE = YES;
				IPHONEOS_DEPLOYMENT_TARGET = 17.5;
				MARKETING_VERSION = 1.0;
				PRODUCT_BUNDLE_IDENTIFIER = com.RecipeMapTests;
				PRODUCT_NAME = "$(TARGET_NAME)";
				SWIFT_EMIT_LOC_STRINGS = NO;
				SWIFT_VERSION = 5.0;
				TARGETED_DEVICE_FAMILY = "1,2";
				TEST_HOST = "$(BUILT_PRODUCTS_DIR)/RecipeMap.app/$(BUNDLE_EXECUTABLE_FOLDER_PATH)/RecipeMap";
			};
			name = Release;
		};
		C696DB882C57E5B700AC1C66 /* Debug */ = {
			isa = XCBuildConfiguration;
			buildSettings = {
				ALWAYS_EMBED_SWIFT_STANDARD_LIBRARIES = YES;
				CODE_SIGN_STYLE = Automatic;
				CURRENT_PROJECT_VERSION = 1;
				GENERATE_INFOPLIST_FILE = YES;
				MARKETING_VERSION = 1.0;
				PRODUCT_BUNDLE_IDENTIFIER = com.RecipeMapUITests;
				PRODUCT_NAME = "$(TARGET_NAME)";
				SWIFT_EMIT_LOC_STRINGS = NO;
				SWIFT_VERSION = 5.0;
				TARGETED_DEVICE_FAMILY = "1,2";
				TEST_TARGET_NAME = RecipeMap;
			};
			name = Debug;
		};
		C696DB892C57E5B700AC1C66 /* Release */ = {
			isa = XCBuildConfiguration;
			buildSettings = {
				ALWAYS_EMBED_SWIFT_STANDARD_LIBRARIES = YES;
				CODE_SIGN_STYLE = Automatic;
				CURRENT_PROJECT_VERSION = 1;
				GENERATE_INFOPLIST_FILE = YES;
				MARKETING_VERSION = 1.0;
				PRODUCT_BUNDLE_IDENTIFIER = com.RecipeMapUITests;
				PRODUCT_NAME = "$(TARGET_NAME)";
				SWIFT_EMIT_LOC_STRINGS = NO;
				SWIFT_VERSION = 5.0;
				TARGETED_DEVICE_FAMILY = "1,2";
				TEST_TARGET_NAME = RecipeMap;
			};
			name = Release;
		};
/* End XCBuildConfiguration section */

/* Begin XCConfigurationList section */
		C696DB522C57E5B500AC1C66 /* Build configuration list for PBXProject "RecipeMap" */ = {
			isa = XCConfigurationList;
			buildConfigurations = (
				C696DB7F2C57E5B700AC1C66 /* Debug */,
				C696DB802C57E5B700AC1C66 /* Release */,
			);
			defaultConfigurationIsVisible = 0;
			defaultConfigurationName = Release;
		};
		C696DB812C57E5B700AC1C66 /* Build configuration list for PBXNativeTarget "RecipeMap" */ = {
			isa = XCConfigurationList;
			buildConfigurations = (
				C696DB822C57E5B700AC1C66 /* Debug */,
				C696DB832C57E5B700AC1C66 /* Release */,
			);
			defaultConfigurationIsVisible = 0;
			defaultConfigurationName = Release;
		};
		C696DB842C57E5B700AC1C66 /* Build configuration list for PBXNativeTarget "RecipeMapTests" */ = {
			isa = XCConfigurationList;
			buildConfigurations = (
				C696DB852C57E5B700AC1C66 /* Debug */,
				C696DB862C57E5B700AC1C66 /* Release */,
			);
			defaultConfigurationIsVisible = 0;
			defaultConfigurationName = Release;
		};
		C696DB872C57E5B700AC1C66 /* Build configuration list for PBXNativeTarget "RecipeMapUITests" */ = {
			isa = XCConfigurationList;
			buildConfigurations = (
				C696DB882C57E5B700AC1C66 /* Debug */,
				C696DB892C57E5B700AC1C66 /* Release */,
			);
			defaultConfigurationIsVisible = 0;
			defaultConfigurationName = Release;
		};
/* End XCConfigurationList section */
	};
	rootObject = C696DB4F2C57E5B500AC1C66 /* Project object */;
}
